{
  "name": "course_ICT",
  "version": "1.0.0",
  "lockfileVersion": 1,
  "requires": true,
  "dependencies": {
    "marked": {
      "version": "15.0.6",
      "resolved": "https://registry.npmjs.org/marked/-/marked-15.0.6.tgz",
      "integrity": "sha512-Y07CUOE+HQXbVDCGl3LXggqJDbXDP2pArc2C1N1RRMN0ONiShoSsIInMd5Gsxupe7fKLpgimTV+HOJ9r7bA+pg=="
    }
  }
}
